{
  "version": 4,
  "terraform_version": "1.5.7",
  "serial": 75,
  "lineage": "be9dc715-725f-0327-442c-09bc98beb5ed",
  "outputs": {
    "cloudwatch_log_group": {
      "value": "/ecs/whereislifecheaper/scraper",
      "type": "string"
    },
    "database_secret_arn": {
      "value": "arn:aws:secretsmanager:eu-central-1:685470421486:secret:whereislifecheaper/database-url-OUgV9l",
      "type": "string"
    },
    "ecr_repository_url": {
      "value": "685470421486.dkr.ecr.eu-central-1.amazonaws.com/whereislifecheaper-scraper",
      "type": "string"
    },
    "ecs_cluster_arn": {
      "value": "arn:aws:ecs:eu-central-1:685470421486:cluster/whereislifecheaper",
      "type": "string"
    },
    "ecs_cluster_name": {
      "value": "whereislifecheaper",
      "type": "string"
    },
    "eventbridge_rule_name": {
      "value": "whereislifecheaper-daily-scrape",
      "type": "string"
    },
    "push_commands": {
      "value": "# Authenticate Docker to ECR\naws ecr get-login-password --region eu-central-1 | docker login --username AWS --password-stdin 685470421486.dkr.ecr.eu-central-1.amazonaws.com/whereislifecheaper-scraper\n\n# Build and tag image\ndocker build -t whereislifecheaper-scraper .\ndocker tag whereislifecheaper-scraper:latest 685470421486.dkr.ecr.eu-central-1.amazonaws.com/whereislifecheaper-scraper:latest\n\n# Push to ECR\ndocker push 685470421486.dkr.ecr.eu-central-1.amazonaws.com/whereislifecheaper-scraper:latest\n",
      "type": "string"
    },
    "security_group_id": {
      "value": "sg-03f5fc279875d994c",
      "type": "string"
    }
  },
  "resources": [
    {
      "mode": "data",
      "type": "aws_caller_identity",
      "name": "current",
      "provider": "provider[\"registry.terraform.io/hashicorp/aws\"]",
      "instances": [
        {
          "schema_version": 0,
          "attributes": {
            "account_id": "685470421486",
            "arn": "arn:aws:iam::685470421486:user/whereislifecheaper-ecs",
            "id": "685470421486",
            "user_id": "AIDAZ7GJYSHXJTND3B5TV"
          },
          "sensitive_attributes": []
        }
      ]
    },
    {
      "mode": "data",
      "type": "aws_region",
      "name": "current",
      "provider": "provider[\"registry.terraform.io/hashicorp/aws\"]",
      "instances": [
        {
          "schema_version": 0,
          "attributes": {
            "description": "Europe (Frankfurt)",
            "endpoint": "ec2.eu-central-1.amazonaws.com",
            "id": "eu-central-1",
            "name": "eu-central-1"
          },
          "sensitive_attributes": []
        }
      ]
    },
    {
      "mode": "data",
      "type": "aws_subnets",
      "name": "default",
      "provider": "provider[\"registry.terraform.io/hashicorp/aws\"]",
      "instances": [
        {
          "schema_version": 0,
          "attributes": {
            "filter": [
              {
                "name": "vpc-id",
                "values": [
                  "vpc-712b881b"
                ]
              }
            ],
            "id": "eu-central-1",
            "ids": [
              "subnet-58f63724",
              "subnet-79820813",
              "subnet-6d10c421"
            ],
            "tags": null,
            "timeouts": null
          },
          "sensitive_attributes": []
        }
      ]
    },
    {
      "mode": "data",
      "type": "aws_vpc",
      "name": "default",
      "provider": "provider[\"registry.terraform.io/hashicorp/aws\"]",
      "instances": [
        {
          "schema_version": 0,
          "attributes": {
            "arn": "arn:aws:ec2:eu-central-1:685470421486:vpc/vpc-712b881b",
            "cidr_block": "172.31.0.0/16",
            "cidr_block_associations": [
              {
                "association_id": "vpc-cidr-assoc-69eb5902",
                "cidr_block": "172.31.0.0/16",
                "state": "associated"
              }
            ],
            "default": true,
            "dhcp_options_id": "dopt-3ff95b55",
            "enable_dns_hostnames": true,
            "enable_dns_support": true,
            "enable_network_address_usage_metrics": false,
            "filter": null,
            "id": "vpc-712b881b",
            "instance_tenancy": "default",
            "ipv6_association_id": "",
            "ipv6_cidr_block": "",
            "main_route_table_id": "rtb-aa6b4fc0",
            "owner_id": "685470421486",
            "state": null,
            "tags": {},
            "timeouts": null
          },
          "sensitive_attributes": []
        }
      ]
    },
    {
      "mode": "managed",
      "type": "aws_cloudwatch_event_rule",
      "name": "daily_scrape",
      "provider": "provider[\"registry.terraform.io/hashicorp/aws\"]",
      "instances": [
        {
          "schema_version": 1,
          "attributes": {
            "arn": "arn:aws:events:eu-central-1:685470421486:rule/whereislifecheaper-daily-scrape",
            "description": "Run scrapers daily at 3 AM UTC",
            "event_bus_name": "default",
            "event_pattern": null,
            "force_destroy": false,
            "id": "whereislifecheaper-daily-scrape",
            "is_enabled": true,
            "name": "whereislifecheaper-daily-scrape",
            "name_prefix": "",
            "role_arn": "",
            "schedule_expression": "cron(0 3 * * ? *)",
            "state": "ENABLED",
            "tags": {
              "Environment": "production",
              "ManagedBy": "terraform",
              "Project": "whereislifecheaper"
            },
            "tags_all": {
              "Environment": "production",
              "ManagedBy": "terraform",
              "Project": "whereislifecheaper"
            }
          },
          "sensitive_attributes": [],
          "private": "eyJzY2hlbWFfdmVyc2lvbiI6IjEifQ=="
        }
      ]
    },
    {
      "mode": "managed",
      "type": "aws_cloudwatch_event_target",
      "name": "ecs_scraper",
      "provider": "provider[\"registry.terraform.io/hashicorp/aws\"]",
      "instances": []
    },
    {
      "mode": "managed",
      "type": "aws_cloudwatch_log_group",
      "name": "scraper",
      "provider": "provider[\"registry.terraform.io/hashicorp/aws\"]",
      "instances": [
        {
          "schema_version": 0,
          "attributes": {
            "arn": "arn:aws:logs:eu-central-1:685470421486:log-group:/ecs/whereislifecheaper/scraper",
            "id": "/ecs/whereislifecheaper/scraper",
            "kms_key_id": "",
            "log_group_class": "STANDARD",
            "name": "/ecs/whereislifecheaper/scraper",
            "name_prefix": "",
            "retention_in_days": 14,
            "skip_destroy": false,
            "tags": {
              "Environment": "production",
              "ManagedBy": "terraform",
              "Project": "whereislifecheaper"
            },
            "tags_all": {
              "Environment": "production",
              "ManagedBy": "terraform",
              "Project": "whereislifecheaper"
            }
          },
          "sensitive_attributes": [],
          "private": "bnVsbA=="
        }
      ]
    },
    {
      "mode": "managed",
      "type": "aws_ecr_lifecycle_policy",
      "name": "scraper",
      "provider": "provider[\"registry.terraform.io/hashicorp/aws\"]",
      "instances": [
        {
          "schema_version": 0,
          "attributes": {
            "id": "whereislifecheaper-scraper",
            "policy": "{\"rules\":[{\"action\":{\"type\":\"expire\"},\"description\":\"Keep last 5 images\",\"rulePriority\":1,\"selection\":{\"countNumber\":5,\"countType\":\"imageCountMoreThan\",\"tagStatus\":\"any\"}}]}",
            "registry_id": "685470421486",
            "repository": "whereislifecheaper-scraper"
          },
          "sensitive_attributes": [],
          "private": "bnVsbA==",
          "dependencies": [
            "aws_ecr_repository.scraper"
          ]
        }
      ]
    },
    {
      "mode": "managed",
      "type": "aws_ecr_repository",
      "name": "scraper",
      "provider": "provider[\"registry.terraform.io/hashicorp/aws\"]",
      "instances": [
        {
          "schema_version": 0,
          "attributes": {
            "arn": "arn:aws:ecr:eu-central-1:685470421486:repository/whereislifecheaper-scraper",
            "encryption_configuration": [
              {
                "encryption_type": "AES256",
                "kms_key": ""
              }
            ],
            "force_delete": null,
            "id": "whereislifecheaper-scraper",
            "image_scanning_configuration": [
              {
                "scan_on_push": true
              }
            ],
            "image_tag_mutability": "MUTABLE",
            "name": "whereislifecheaper-scraper",
            "registry_id": "685470421486",
            "repository_url": "685470421486.dkr.ecr.eu-central-1.amazonaws.com/whereislifecheaper-scraper",
            "tags": {
              "Environment": "production",
              "ManagedBy": "terraform",
              "Project": "whereislifecheaper"
            },
            "tags_all": {
              "Environment": "production",
              "ManagedBy": "terraform",
              "Project": "whereislifecheaper"
            },
            "timeouts": null
          },
          "sensitive_attributes": [],
          "private": "eyJlMmJmYjczMC1lY2FhLTExZTYtOGY4OC0zNDM2M2JjN2M0YzAiOnsiZGVsZXRlIjoxMjAwMDAwMDAwMDAwfX0="
        }
      ]
    },
    {
      "mode": "managed",
      "type": "aws_ecs_cluster",
      "name": "main",
      "provider": "provider[\"registry.terraform.io/hashicorp/aws\"]",
      "instances": [
        {
          "schema_version": 0,
          "attributes": {
            "arn": "arn:aws:ecs:eu-central-1:685470421486:cluster/whereislifecheaper",
            "configuration": [],
            "id": "arn:aws:ecs:eu-central-1:685470421486:cluster/whereislifecheaper",
            "name": "whereislifecheaper",
            "service_connect_defaults": [],
            "setting": [
              {
                "name": "containerInsights",
                "value": "enabled"
              }
            ],
            "tags": {
              "Environment": "production",
              "ManagedBy": "terraform",
              "Project": "whereislifecheaper"
            },
            "tags_all": {
              "Environment": "production",
              "ManagedBy": "terraform",
              "Project": "whereislifecheaper"
            }
          },
          "sensitive_attributes": [],
          "private": "bnVsbA=="
        }
      ]
    },
    {
      "mode": "managed",
      "type": "aws_iam_role",
      "name": "ecs_task",
      "provider": "provider[\"registry.terraform.io/hashicorp/aws\"]",
      "instances": [
        {
          "schema_version": 0,
          "attributes": {
            "arn": "arn:aws:iam::685470421486:role/whereislifecheaper-ecs-task",
            "assume_role_policy": "{\"Statement\":[{\"Action\":\"sts:AssumeRole\",\"Effect\":\"Allow\",\"Principal\":{\"Service\":\"ecs-tasks.amazonaws.com\"}}],\"Version\":\"2012-10-17\"}",
            "create_date": "2026-01-21T02:14:29Z",
            "description": "",
            "force_detach_policies": false,
            "id": "whereislifecheaper-ecs-task",
            "inline_policy": [],
            "managed_policy_arns": [],
            "max_session_duration": 3600,
            "name": "whereislifecheaper-ecs-task",
            "name_prefix": "",
            "path": "/",
            "permissions_boundary": "",
            "tags": {
              "Environment": "production",
              "ManagedBy": "terraform",
              "Project": "whereislifecheaper"
            },
            "tags_all": {
              "Environment": "production",
              "ManagedBy": "terraform",
              "Project": "whereislifecheaper"
            },
            "unique_id": "AROAZ7GJYSHXK2FTITCMI"
          },
          "sensitive_attributes": [],
          "private": "bnVsbA=="
        }
      ]
    },
    {
      "mode": "managed",
      "type": "aws_iam_role",
      "name": "ecs_task_execution",
      "provider": "provider[\"registry.terraform.io/hashicorp/aws\"]",
      "instances": [
        {
          "schema_version": 0,
          "attributes": {
            "arn": "arn:aws:iam::685470421486:role/whereislifecheaper-ecs-task-execution",
            "assume_role_policy": "{\"Statement\":[{\"Action\":\"sts:AssumeRole\",\"Effect\":\"Allow\",\"Principal\":{\"Service\":\"ecs-tasks.amazonaws.com\"}}],\"Version\":\"2012-10-17\"}",
            "create_date": "2026-01-21T02:14:29Z",
            "description": "",
            "force_detach_policies": false,
            "id": "whereislifecheaper-ecs-task-execution",
            "inline_policy": [],
            "managed_policy_arns": [
              "arn:aws:iam::aws:policy/service-role/AmazonECSTaskExecutionRolePolicy"
            ],
            "max_session_duration": 3600,
            "name": "whereislifecheaper-ecs-task-execution",
            "name_prefix": "",
            "path": "/",
            "permissions_boundary": "",
            "tags": {
              "Environment": "production",
              "ManagedBy": "terraform",
              "Project": "whereislifecheaper"
            },
            "tags_all": {
              "Environment": "production",
              "ManagedBy": "terraform",
              "Project": "whereislifecheaper"
            },
            "unique_id": "AROAZ7GJYSHXBAIDBLJWQ"
          },
          "sensitive_attributes": [],
          "private": "bnVsbA=="
        }
      ]
    },
    {
      "mode": "managed",
      "type": "aws_iam_role",
      "name": "eventbridge_ecs",
      "provider": "provider[\"registry.terraform.io/hashicorp/aws\"]",
      "instances": [
        {
          "schema_version": 0,
          "attributes": {
            "arn": "arn:aws:iam::685470421486:role/whereislifecheaper-eventbridge-ecs",
            "assume_role_policy": "{\"Statement\":[{\"Action\":\"sts:AssumeRole\",\"Effect\":\"Allow\",\"Principal\":{\"Service\":\"events.amazonaws.com\"}}],\"Version\":\"2012-10-17\"}",
            "create_date": "2026-01-21T02:14:29Z",
            "description": "",
            "force_detach_policies": false,
            "id": "whereislifecheaper-eventbridge-ecs",
            "inline_policy": [],
            "managed_policy_arns": [],
            "max_session_duration": 3600,
            "name": "whereislifecheaper-eventbridge-ecs",
            "name_prefix": "",
            "path": "/",
            "permissions_boundary": "",
            "tags": {
              "Environment": "production",
              "ManagedBy": "terraform",
              "Project": "whereislifecheaper"
            },
            "tags_all": {
              "Environment": "production",
              "ManagedBy": "terraform",
              "Project": "whereislifecheaper"
            },
            "unique_id": "AROAZ7GJYSHXHMZGXOM3A"
          },
          "sensitive_attributes": [],
          "private": "bnVsbA=="
        }
      ]
    },
    {
      "mode": "managed",
      "type": "aws_iam_role_policy",
      "name": "ecs_secrets",
      "provider": "provider[\"registry.terraform.io/hashicorp/aws\"]",
      "instances": [
        {
          "schema_version": 0,
          "attributes": {
            "id": "whereislifecheaper-ecs-task-execution:secrets-access",
            "name": "secrets-access",
            "name_prefix": "",
            "policy": "{\"Version\":\"2012-10-17\",\"Statement\":[{\"Action\":[\"secretsmanager:GetSecretValue\"],\"Effect\":\"Allow\",\"Resource\":[\"arn:aws:secretsmanager:eu-central-1:685470421486:secret:whereislifecheaper/database-url-OUgV9l\",\"arn:aws:secretsmanager:eu-central-1:685470421486:secret:whereislifecheaper/google-credentials-nS4BMl\"]}]}",
            "role": "whereislifecheaper-ecs-task-execution"
          },
          "sensitive_attributes": [],
          "private": "bnVsbA==",
          "dependencies": [
            "aws_iam_role.ecs_task_execution",
            "aws_secretsmanager_secret.database_url",
            "aws_secretsmanager_secret.google_credentials"
          ]
        }
      ]
    },
    {
      "mode": "managed",
      "type": "aws_iam_role_policy",
      "name": "eventbridge_ecs",
      "provider": "provider[\"registry.terraform.io/hashicorp/aws\"]",
      "instances": []
    },
    {
      "mode": "managed",
      "type": "aws_iam_role_policy_attachment",
      "name": "ecs_task_execution",
      "provider": "provider[\"registry.terraform.io/hashicorp/aws\"]",
      "instances": [
        {
          "schema_version": 0,
          "attributes": {
            "id": "whereislifecheaper-ecs-task-execution-20260121021430491000000003",
            "policy_arn": "arn:aws:iam::aws:policy/service-role/AmazonECSTaskExecutionRolePolicy",
            "role": "whereislifecheaper-ecs-task-execution"
          },
          "sensitive_attributes": [],
          "private": "bnVsbA==",
          "dependencies": [
            "aws_iam_role.ecs_task_execution"
          ]
        }
      ]
    },
    {
      "mode": "managed",
      "type": "aws_secretsmanager_secret",
      "name": "database_url",
      "provider": "provider[\"registry.terraform.io/hashicorp/aws\"]",
      "instances": [
        {
          "schema_version": 0,
          "attributes": {
            "arn": "arn:aws:secretsmanager:eu-central-1:685470421486:secret:whereislifecheaper/database-url-OUgV9l",
            "description": "PostgreSQL connection string for scrapers",
            "force_overwrite_replica_secret": false,
            "id": "arn:aws:secretsmanager:eu-central-1:685470421486:secret:whereislifecheaper/database-url-OUgV9l",
            "kms_key_id": "",
            "name": "whereislifecheaper/database-url",
            "name_prefix": "",
            "policy": "",
            "recovery_window_in_days": 0,
            "replica": [],
            "tags": {
              "Environment": "production",
              "ManagedBy": "terraform",
              "Project": "whereislifecheaper"
            },
            "tags_all": {
              "Environment": "production",
              "ManagedBy": "terraform",
              "Project": "whereislifecheaper"
            }
          },
          "sensitive_attributes": [],
          "private": "bnVsbA=="
        }
      ]
    },
    {
      "mode": "managed",
      "type": "aws_secretsmanager_secret",
      "name": "google_credentials",
      "provider": "provider[\"registry.terraform.io/hashicorp/aws\"]",
      "instances": [
        {
          "schema_version": 0,
          "attributes": {
            "arn": "arn:aws:secretsmanager:eu-central-1:685470421486:secret:whereislifecheaper/google-credentials-nS4BMl",
            "description": "Google Cloud credentials JSON for logging",
            "force_overwrite_replica_secret": false,
            "id": "arn:aws:secretsmanager:eu-central-1:685470421486:secret:whereislifecheaper/google-credentials-nS4BMl",
            "kms_key_id": "",
            "name": "whereislifecheaper/google-credentials",
            "name_prefix": "",
            "policy": "",
            "recovery_window_in_days": 0,
            "replica": [],
            "tags": {
              "Environment": "production",
              "ManagedBy": "terraform",
              "Project": "whereislifecheaper"
            },
            "tags_all": {
              "Environment": "production",
              "ManagedBy": "terraform",
              "Project": "whereislifecheaper"
            }
          },
          "sensitive_attributes": [],
          "private": "bnVsbA=="
        }
      ]
    },
    {
      "mode": "managed",
      "type": "aws_security_group",
      "name": "ecs_tasks",
      "provider": "provider[\"registry.terraform.io/hashicorp/aws\"]",
      "instances": [
        {
          "schema_version": 1,
          "attributes": {
            "arn": "arn:aws:ec2:eu-central-1:685470421486:security-group/sg-03f5fc279875d994c",
            "description": "Security group for ECS scraper tasks",
            "egress": [
              {
                "cidr_blocks": [
                  "0.0.0.0/0"
                ],
                "description": "",
                "from_port": 0,
                "ipv6_cidr_blocks": [],
                "prefix_list_ids": [],
                "protocol": "-1",
                "security_groups": [],
                "self": false,
                "to_port": 0
              }
            ],
            "id": "sg-03f5fc279875d994c",
            "ingress": [],
            "name": "whereislifecheaper-ecs-tasks",
            "name_prefix": "",
            "owner_id": "685470421486",
            "revoke_rules_on_delete": false,
            "tags": {
              "Environment": "production",
              "ManagedBy": "terraform",
              "Project": "whereislifecheaper"
            },
            "tags_all": {
              "Environment": "production",
              "ManagedBy": "terraform",
              "Project": "whereislifecheaper"
            },
            "timeouts": null,
            "vpc_id": "vpc-712b881b"
          },
          "sensitive_attributes": [],
          "private": "eyJlMmJmYjczMC1lY2FhLTExZTYtOGY4OC0zNDM2M2JjN2M0YzAiOnsiY3JlYXRlIjo2MDAwMDAwMDAwMDAsImRlbGV0ZSI6OTAwMDAwMDAwMDAwfSwic2NoZW1hX3ZlcnNpb24iOiIxIn0=",
          "dependencies": [
            "data.aws_vpc.default"
          ]
        }
      ]
    }
  ],
  "check_results": null
}
